<?xml version="1.0" encoding="utf-8"?>
<Project ToolsVersion="4.0" xmlns="http://schemas.microsoft.com/developer/msbuild/2003">
  <ItemGroup>
    <Filter Include="Source files">
      <UniqueIdentifier>{e2b5c9a9-c91b-40f8-aae7-6c4107412f41}</UniqueIdentifier>
      <Extensions>cpp;c;cc;cxx;def;odl;idl;hpj;bat;asm;asmx</Extensions>
    </Filter>
    <Filter Include="Header files">
      <UniqueIdentifier>{ae5c7dd4-d9e6-4991-9eab-4156e819dd85}</UniqueIdentifier>
      <Extensions>h;hpp;hxx;hm;inl;inc;xsd</Extensions>
    </Filter>
    <Filter Include="Resource files">
      <UniqueIdentifier>{b29d0e73-e999-4d0e-9dbe-4c011e611041}</UniqueIdentifier>
      <Extensions>rc;ico;cur;bmp;dlg;rc2;rct;bin;rgs;gif;jpg;jpeg;jpe;resx;tiff;tif;png;wav</Extensions>
    </Filter>
    <Filter Include="QMake Project files">
      <UniqueIdentifier>{ecac05e4-5ee2-4075-bf33-11f1c255913a}</UniqueIdentifier>
    </Filter>
    <Filter Include="VisualGDB settings">
      <UniqueIdentifier>{1defb079-ac1a-4ca6-9cf0-c6e7a38d9cc2}</UniqueIdentifier>
    </Filter>
  </ItemGroup>
  <ItemGroup>
    <None Include="debug.pro">
      <Filter>QMake Project files</Filter>
    </None>
    <None Include="release.pro">
      <Filter>QMake Project files</Filter>
    </None>
    <None Include="Final_Bluetooth-Debug.vgdbsettings">
      <Filter>VisualGDB settings</Filter>
    </None>
    <None Include="Final_Bluetooth-Release.vgdbsettings">
      <Filter>VisualGDB settings</Filter>
    </None>
    <None Include="dialog.ui">
      <Filter>Source files</Filter>
    </None>
    <None Include="mainwindow.ui">
      <Filter>Source files</Filter>
    </None>
  </ItemGroup>
  <ItemGroup>
    <None Include="Final_Bluetooth.pro" />
  </ItemGroup>
  <ItemGroup>
    <ClCompile Include="dialog.cpp">
      <Filter>Source files</Filter>
    </ClCompile>
    <ClCompile Include="main.cpp">
      <Filter>Source files</Filter>
    </ClCompile>
    <ClCompile Include="MainWindow.cpp">
      <Filter>Source files</Filter>
    </ClCompile>
    <ClCompile Include="qcustomplot.cpp">
      <Filter>Source files</Filter>
    </ClCompile>
  </ItemGroup>
  <ItemGroup>
    <ClInclude Include="qcustomplot.h">
      <Filter>Header files</Filter>
    </ClInclude>
    <ClInclude Include="dialog.h">
      <Filter>Header files</Filter>
    </ClInclude>
    <ClInclude Include="MainWindow.h">
      <Filter>Header files</Filter>
    </ClInclude>
  </ItemGroup>
</Project>